// !$*UTF8*$!
{
	archiveVersion = 1;
	classes = {
	};
	objectVersion = 56;
	objects = {

/* Begin PBXBuildFile section */
		256062B02B31835A00E67C9D /* Observable.swift in Sources */ = {isa = PBXBuildFile; fileRef = 256062AF2B31835A00E67C9D /* Observable.swift */; };
		256062B22B32D35C00E67C9D /* UITextFieldExt.swift in Sources */ = {isa = PBXBuildFile; fileRef = 256062B12B32D35C00E67C9D /* UITextFieldExt.swift */; };
		C317B6A92B2F1E140059A700 /* NewCardViewController.swift in Sources */ = {isa = PBXBuildFile; fileRef = C317B6A72B2F1E140059A700 /* NewCardViewController.swift */; };
		C317B6AA2B2F1E140059A700 /* NewCardViewController.xib in Resources */ = {isa = PBXBuildFile; fileRef = C317B6A82B2F1E140059A700 /* NewCardViewController.xib */; };
		C317B6AD2B2F394F0059A700 /* NetworkManager.swift in Sources */ = {isa = PBXBuildFile; fileRef = C317B6AC2B2F394F0059A700 /* NetworkManager.swift */; };
		C317B6AF2B2F3A630059A700 /* NewCardViewModel.swift in Sources */ = {isa = PBXBuildFile; fileRef = C317B6AE2B2F3A630059A700 /* NewCardViewModel.swift */; };
		C317B6B22B2F44620059A700 /* HomeViewModel.swift in Sources */ = {isa = PBXBuildFile; fileRef = C317B6B12B2F44620059A700 /* HomeViewModel.swift */; };
		C317B6B42B2F45B70059A700 /* ConstantManager.swift in Sources */ = {isa = PBXBuildFile; fileRef = C317B6B32B2F45B70059A700 /* ConstantManager.swift */; };
		C317B6B62B2F48A20059A700 /* CardModel.swift in Sources */ = {isa = PBXBuildFile; fileRef = C317B6B52B2F48A20059A700 /* CardModel.swift */; };
		C35A61622B30637700150E8A /* AuthenticationViewModel.swift in Sources */ = {isa = PBXBuildFile; fileRef = C35A61612B30637700150E8A /* AuthenticationViewModel.swift */; };
		C35A61642B3079C200150E8A /* Colors.xcassets in Resources */ = {isa = PBXBuildFile; fileRef = C35A61632B3079C200150E8A /* Colors.xcassets */; };
		C36DF2282B2D121100F33AEF /* FirebaseAnalytics in Frameworks */ = {isa = PBXBuildFile; productRef = C36DF2272B2D121100F33AEF /* FirebaseAnalytics */; };
		C36DF22A2B2D121100F33AEF /* FirebaseAnalyticsSwift in Frameworks */ = {isa = PBXBuildFile; productRef = C36DF2292B2D121100F33AEF /* FirebaseAnalyticsSwift */; };
		C36DF22C2B2D121100F33AEF /* FirebaseAppCheck in Frameworks */ = {isa = PBXBuildFile; productRef = C36DF22B2B2D121100F33AEF /* FirebaseAppCheck */; };
		C36DF22E2B2D121100F33AEF /* FirebaseAuth in Frameworks */ = {isa = PBXBuildFile; productRef = C36DF22D2B2D121100F33AEF /* FirebaseAuth */; };
		C36DF2302B2D121100F33AEF /* FirebaseCrashlytics in Frameworks */ = {isa = PBXBuildFile; productRef = C36DF22F2B2D121100F33AEF /* FirebaseCrashlytics */; };
		C36DF2322B2D121100F33AEF /* FirebaseDatabase in Frameworks */ = {isa = PBXBuildFile; productRef = C36DF2312B2D121100F33AEF /* FirebaseDatabase */; };
		C36DF2342B2D121100F33AEF /* FirebaseDatabaseSwift in Frameworks */ = {isa = PBXBuildFile; productRef = C36DF2332B2D121100F33AEF /* FirebaseDatabaseSwift */; };
		C36DF2362B2D121100F33AEF /* FirebaseFirestore in Frameworks */ = {isa = PBXBuildFile; productRef = C36DF2352B2D121100F33AEF /* FirebaseFirestore */; };
		C36DF2382B2D121100F33AEF /* FirebaseFirestoreSwift in Frameworks */ = {isa = PBXBuildFile; productRef = C36DF2372B2D121100F33AEF /* FirebaseFirestoreSwift */; };
		C36DF23A2B2D121100F33AEF /* FirebaseMessaging in Frameworks */ = {isa = PBXBuildFile; productRef = C36DF2392B2D121100F33AEF /* FirebaseMessaging */; };
		C36DF23C2B2D121100F33AEF /* FirebaseStorage in Frameworks */ = {isa = PBXBuildFile; productRef = C36DF23B2B2D121100F33AEF /* FirebaseStorage */; };
		C36DF2402B2D214000F33AEF /* GoogleSignIn in Frameworks */ = {isa = PBXBuildFile; productRef = C36DF23F2B2D214000F33AEF /* GoogleSignIn */; };
		C36DF2422B2D214000F33AEF /* GoogleSignInSwift in Frameworks */ = {isa = PBXBuildFile; productRef = C36DF2412B2D214000F33AEF /* GoogleSignInSwift */; };
		C3824DDF2B2CF94E0014ADF3 /* ColorExt.swift in Sources */ = {isa = PBXBuildFile; fileRef = C3824DDE2B2CF94E0014ADF3 /* ColorExt.swift */; };
		C3824DE12B2CFA0F0014ADF3 /* UIViewExt.swift in Sources */ = {isa = PBXBuildFile; fileRef = C3824DE02B2CFA0F0014ADF3 /* UIViewExt.swift */; };
		C3824DE32B2CFA270014ADF3 /* UIButtonExt.swift in Sources */ = {isa = PBXBuildFile; fileRef = C3824DE22B2CFA270014ADF3 /* UIButtonExt.swift */; };
		C39D530E2B35F89300B25F2A /* PasswordGeneratorViewModel.swift in Sources */ = {isa = PBXBuildFile; fileRef = C39D530D2B35F89300B25F2A /* PasswordGeneratorViewModel.swift */; };
		C3A007BE2B2CB7D7009AD543 /* AppDelegate.swift in Sources */ = {isa = PBXBuildFile; fileRef = C3A007BD2B2CB7D7009AD543 /* AppDelegate.swift */; };
		C3A007C02B2CB7D7009AD543 /* SceneDelegate.swift in Sources */ = {isa = PBXBuildFile; fileRef = C3A007BF2B2CB7D7009AD543 /* SceneDelegate.swift */; };
		C3A007C22B2CB7D7009AD543 /* TabBarController.swift in Sources */ = {isa = PBXBuildFile; fileRef = C3A007C12B2CB7D7009AD543 /* TabBarController.swift */; };
		C3A007C72B2CB7D7009AD543 /* Assets.xcassets in Resources */ = {isa = PBXBuildFile; fileRef = C3A007C62B2CB7D7009AD543 /* Assets.xcassets */; };
		C3A007CA2B2CB7D7009AD543 /* LaunchScreen.storyboard in Resources */ = {isa = PBXBuildFile; fileRef = C3A007C82B2CB7D7009AD543 /* LaunchScreen.storyboard */; };
		C3A007D52B2CB7D8009AD543 /* AccountChainTests.swift in Sources */ = {isa = PBXBuildFile; fileRef = C3A007D42B2CB7D8009AD543 /* AccountChainTests.swift */; };
		C3A007DF2B2CB7D8009AD543 /* AccountChainUITests.swift in Sources */ = {isa = PBXBuildFile; fileRef = C3A007DE2B2CB7D8009AD543 /* AccountChainUITests.swift */; };
		C3A007E12B2CB7D8009AD543 /* AccountChainUITestsLaunchTests.swift in Sources */ = {isa = PBXBuildFile; fileRef = C3A007E02B2CB7D8009AD543 /* AccountChainUITestsLaunchTests.swift */; };
		C3A007F42B2CC133009AD543 /* HomeViewController.swift in Sources */ = {isa = PBXBuildFile; fileRef = C3A007F22B2CC133009AD543 /* HomeViewController.swift */; };
		C3A007F52B2CC133009AD543 /* HomeViewController.xib in Resources */ = {isa = PBXBuildFile; fileRef = C3A007F32B2CC133009AD543 /* HomeViewController.xib */; };
		C3A007FA2B2CC1E9009AD543 /* PasswordGeneratorViewController.swift in Sources */ = {isa = PBXBuildFile; fileRef = C3A007F82B2CC1E9009AD543 /* PasswordGeneratorViewController.swift */; };
		C3A007FB2B2CC1E9009AD543 /* PasswordGeneratorViewController.xib in Resources */ = {isa = PBXBuildFile; fileRef = C3A007F92B2CC1E9009AD543 /* PasswordGeneratorViewController.xib */; };
		C3A008092B2CDB44009AD543 /* AuthentcationViewController.swift in Sources */ = {isa = PBXBuildFile; fileRef = C3A008072B2CDB44009AD543 /* AuthentcationViewController.swift */; };
		C3A0080A2B2CDB44009AD543 /* AuthentcationViewController.xib in Resources */ = {isa = PBXBuildFile; fileRef = C3A008082B2CDB44009AD543 /* AuthentcationViewController.xib */; };
		C3C30C632B2E0C4600F18AA4 /* CardCell.swift in Sources */ = {isa = PBXBuildFile; fileRef = C3C30C612B2E0C4600F18AA4 /* CardCell.swift */; };
		C3C30C642B2E0C4600F18AA4 /* CardCell.xib in Resources */ = {isa = PBXBuildFile; fileRef = C3C30C622B2E0C4600F18AA4 /* CardCell.xib */; };
		C3C30C662B2E238900F18AA4 /* NSObjectExt.swift in Sources */ = {isa = PBXBuildFile; fileRef = C3C30C652B2E238900F18AA4 /* NSObjectExt.swift */; };
		C3C30C682B2E251400F18AA4 /* HomeViewController+TableView.swift in Sources */ = {isa = PBXBuildFile; fileRef = C3C30C672B2E251400F18AA4 /* HomeViewController+TableView.swift */; };
		C3C30C6A2B2E32EC00F18AA4 /* GoogleService-Info.plist in Resources */ = {isa = PBXBuildFile; fileRef = C3C30C692B2E32EC00F18AA4 /* GoogleService-Info.plist */; };
/* End PBXBuildFile section */

/* Begin PBXContainerItemProxy section */
		C3A007D12B2CB7D8009AD543 /* PBXContainerItemProxy */ = {
			isa = PBXContainerItemProxy;
			containerPortal = C3A007B22B2CB7D7009AD543 /* Project object */;
			proxyType = 1;
			remoteGlobalIDString = C3A007B92B2CB7D7009AD543;
			remoteInfo = AccountChain;
		};
		C3A007DB2B2CB7D8009AD543 /* PBXContainerItemProxy */ = {
			isa = PBXContainerItemProxy;
			containerPortal = C3A007B22B2CB7D7009AD543 /* Project object */;
			proxyType = 1;
			remoteGlobalIDString = C3A007B92B2CB7D7009AD543;
			remoteInfo = AccountChain;
		};
/* End PBXContainerItemProxy section */

/* Begin PBXFileReference section */
		256062AF2B31835A00E67C9D /* Observable.swift */ = {isa = PBXFileReference; lastKnownFileType = sourcecode.swift; path = Observable.swift; sourceTree = "<group>"; };
		256062B12B32D35C00E67C9D /* UITextFieldExt.swift */ = {isa = PBXFileReference; lastKnownFileType = sourcecode.swift; path = UITextFieldExt.swift; sourceTree = "<group>"; };
		C317B6A72B2F1E140059A700 /* NewCardViewController.swift */ = {isa = PBXFileReference; lastKnownFileType = sourcecode.swift; path = NewCardViewController.swift; sourceTree = "<group>"; };
		C317B6A82B2F1E140059A700 /* NewCardViewController.xib */ = {isa = PBXFileReference; lastKnownFileType = file.xib; path = NewCardViewController.xib; sourceTree = "<group>"; };
		C317B6AC2B2F394F0059A700 /* NetworkManager.swift */ = {isa = PBXFileReference; lastKnownFileType = sourcecode.swift; path = NetworkManager.swift; sourceTree = "<group>"; };
		C317B6AE2B2F3A630059A700 /* NewCardViewModel.swift */ = {isa = PBXFileReference; lastKnownFileType = sourcecode.swift; path = NewCardViewModel.swift; sourceTree = "<group>"; };
		C317B6B12B2F44620059A700 /* HomeViewModel.swift */ = {isa = PBXFileReference; lastKnownFileType = sourcecode.swift; path = HomeViewModel.swift; sourceTree = "<group>"; };
		C317B6B32B2F45B70059A700 /* ConstantManager.swift */ = {isa = PBXFileReference; lastKnownFileType = sourcecode.swift; path = ConstantManager.swift; sourceTree = "<group>"; };
		C317B6B52B2F48A20059A700 /* CardModel.swift */ = {isa = PBXFileReference; lastKnownFileType = sourcecode.swift; path = CardModel.swift; sourceTree = "<group>"; };
		C35A61612B30637700150E8A /* AuthenticationViewModel.swift */ = {isa = PBXFileReference; lastKnownFileType = sourcecode.swift; path = AuthenticationViewModel.swift; sourceTree = "<group>"; };
		C35A61632B3079C200150E8A /* Colors.xcassets */ = {isa = PBXFileReference; lastKnownFileType = folder.assetcatalog; path = Colors.xcassets; sourceTree = "<group>"; };
		C36DF23D2B2D1E3D00F33AEF /* AccountChain.entitlements */ = {isa = PBXFileReference; lastKnownFileType = text.plist.entitlements; path = AccountChain.entitlements; sourceTree = "<group>"; };
		C3824DDE2B2CF94E0014ADF3 /* ColorExt.swift */ = {isa = PBXFileReference; lastKnownFileType = sourcecode.swift; path = ColorExt.swift; sourceTree = "<group>"; };
		C3824DE02B2CFA0F0014ADF3 /* UIViewExt.swift */ = {isa = PBXFileReference; lastKnownFileType = sourcecode.swift; path = UIViewExt.swift; sourceTree = "<group>"; };
		C3824DE22B2CFA270014ADF3 /* UIButtonExt.swift */ = {isa = PBXFileReference; lastKnownFileType = sourcecode.swift; path = UIButtonExt.swift; sourceTree = "<group>"; };
		C39D530D2B35F89300B25F2A /* PasswordGeneratorViewModel.swift */ = {isa = PBXFileReference; lastKnownFileType = sourcecode.swift; path = PasswordGeneratorViewModel.swift; sourceTree = "<group>"; };
		C3A007BA2B2CB7D7009AD543 /* AccountChain.app */ = {isa = PBXFileReference; explicitFileType = wrapper.application; includeInIndex = 0; path = AccountChain.app; sourceTree = BUILT_PRODUCTS_DIR; };
		C3A007BD2B2CB7D7009AD543 /* AppDelegate.swift */ = {isa = PBXFileReference; lastKnownFileType = sourcecode.swift; path = AppDelegate.swift; sourceTree = "<group>"; };
		C3A007BF2B2CB7D7009AD543 /* SceneDelegate.swift */ = {isa = PBXFileReference; lastKnownFileType = sourcecode.swift; path = SceneDelegate.swift; sourceTree = "<group>"; };
		C3A007C12B2CB7D7009AD543 /* TabBarController.swift */ = {isa = PBXFileReference; lastKnownFileType = sourcecode.swift; path = TabBarController.swift; sourceTree = "<group>"; };
		C3A007C62B2CB7D7009AD543 /* Assets.xcassets */ = {isa = PBXFileReference; lastKnownFileType = folder.assetcatalog; path = Assets.xcassets; sourceTree = "<group>"; };
		C3A007C92B2CB7D7009AD543 /* Base */ = {isa = PBXFileReference; lastKnownFileType = file.storyboard; name = Base; path = Base.lproj/LaunchScreen.storyboard; sourceTree = "<group>"; };
		C3A007CB2B2CB7D7009AD543 /* Info.plist */ = {isa = PBXFileReference; lastKnownFileType = text.plist.xml; path = Info.plist; sourceTree = "<group>"; };
		C3A007D02B2CB7D8009AD543 /* AccountChainTests.xctest */ = {isa = PBXFileReference; explicitFileType = wrapper.cfbundle; includeInIndex = 0; path = AccountChainTests.xctest; sourceTree = BUILT_PRODUCTS_DIR; };
		C3A007D42B2CB7D8009AD543 /* AccountChainTests.swift */ = {isa = PBXFileReference; lastKnownFileType = sourcecode.swift; path = AccountChainTests.swift; sourceTree = "<group>"; };
		C3A007DA2B2CB7D8009AD543 /* AccountChainUITests.xctest */ = {isa = PBXFileReference; explicitFileType = wrapper.cfbundle; includeInIndex = 0; path = AccountChainUITests.xctest; sourceTree = BUILT_PRODUCTS_DIR; };
		C3A007DE2B2CB7D8009AD543 /* AccountChainUITests.swift */ = {isa = PBXFileReference; lastKnownFileType = sourcecode.swift; path = AccountChainUITests.swift; sourceTree = "<group>"; };
		C3A007E02B2CB7D8009AD543 /* AccountChainUITestsLaunchTests.swift */ = {isa = PBXFileReference; lastKnownFileType = sourcecode.swift; path = AccountChainUITestsLaunchTests.swift; sourceTree = "<group>"; };
		C3A007F22B2CC133009AD543 /* HomeViewController.swift */ = {isa = PBXFileReference; lastKnownFileType = sourcecode.swift; path = HomeViewController.swift; sourceTree = "<group>"; };
		C3A007F32B2CC133009AD543 /* HomeViewController.xib */ = {isa = PBXFileReference; lastKnownFileType = file.xib; path = HomeViewController.xib; sourceTree = "<group>"; };
		C3A007F82B2CC1E9009AD543 /* PasswordGeneratorViewController.swift */ = {isa = PBXFileReference; lastKnownFileType = sourcecode.swift; path = PasswordGeneratorViewController.swift; sourceTree = "<group>"; };
		C3A007F92B2CC1E9009AD543 /* PasswordGeneratorViewController.xib */ = {isa = PBXFileReference; lastKnownFileType = file.xib; path = PasswordGeneratorViewController.xib; sourceTree = "<group>"; };
		C3A008072B2CDB44009AD543 /* AuthentcationViewController.swift */ = {isa = PBXFileReference; lastKnownFileType = sourcecode.swift; path = AuthentcationViewController.swift; sourceTree = "<group>"; };
		C3A008082B2CDB44009AD543 /* AuthentcationViewController.xib */ = {isa = PBXFileReference; lastKnownFileType = file.xib; path = AuthentcationViewController.xib; sourceTree = "<group>"; };
		C3C30C612B2E0C4600F18AA4 /* CardCell.swift */ = {isa = PBXFileReference; lastKnownFileType = sourcecode.swift; path = CardCell.swift; sourceTree = "<group>"; };
		C3C30C622B2E0C4600F18AA4 /* CardCell.xib */ = {isa = PBXFileReference; lastKnownFileType = file.xib; path = CardCell.xib; sourceTree = "<group>"; };
		C3C30C652B2E238900F18AA4 /* NSObjectExt.swift */ = {isa = PBXFileReference; lastKnownFileType = sourcecode.swift; path = NSObjectExt.swift; sourceTree = "<group>"; };
		C3C30C672B2E251400F18AA4 /* HomeViewController+TableView.swift */ = {isa = PBXFileReference; lastKnownFileType = sourcecode.swift; path = "HomeViewController+TableView.swift"; sourceTree = "<group>"; };
		C3C30C692B2E32EC00F18AA4 /* GoogleService-Info.plist */ = {isa = PBXFileReference; fileEncoding = 4; lastKnownFileType = text.plist.xml; path = "GoogleService-Info.plist"; sourceTree = "<group>"; };
/* End PBXFileReference section */

/* Begin PBXFrameworksBuildPhase section */
		C3A007B72B2CB7D7009AD543 /* Frameworks */ = {
			isa = PBXFrameworksBuildPhase;
			buildActionMask = 2147483647;
			files = (
				C36DF2342B2D121100F33AEF /* FirebaseDatabaseSwift in Frameworks */,
				C36DF2322B2D121100F33AEF /* FirebaseDatabase in Frameworks */,
				C36DF23A2B2D121100F33AEF /* FirebaseMessaging in Frameworks */,
				C36DF22A2B2D121100F33AEF /* FirebaseAnalyticsSwift in Frameworks */,
				C36DF22C2B2D121100F33AEF /* FirebaseAppCheck in Frameworks */,
				C36DF2422B2D214000F33AEF /* GoogleSignInSwift in Frameworks */,
				C36DF2402B2D214000F33AEF /* GoogleSignIn in Frameworks */,
				C36DF2302B2D121100F33AEF /* FirebaseCrashlytics in Frameworks */,
				C36DF2362B2D121100F33AEF /* FirebaseFirestore in Frameworks */,
				C36DF2282B2D121100F33AEF /* FirebaseAnalytics in Frameworks */,
				C36DF23C2B2D121100F33AEF /* FirebaseStorage in Frameworks */,
				C36DF22E2B2D121100F33AEF /* FirebaseAuth in Frameworks */,
				C36DF2382B2D121100F33AEF /* FirebaseFirestoreSwift in Frameworks */,
			);
			runOnlyForDeploymentPostprocessing = 0;
		};
		C3A007CD2B2CB7D8009AD543 /* Frameworks */ = {
			isa = PBXFrameworksBuildPhase;
			buildActionMask = 2147483647;
			files = (
			);
			runOnlyForDeploymentPostprocessing = 0;
		};
		C3A007D72B2CB7D8009AD543 /* Frameworks */ = {
			isa = PBXFrameworksBuildPhase;
			buildActionMask = 2147483647;
			files = (
			);
			runOnlyForDeploymentPostprocessing = 0;
		};
/* End PBXFrameworksBuildPhase section */

/* Begin PBXGroup section */
		256062AE2B31829A00E67C9D /* Observer */ = {
			isa = PBXGroup;
			children = (
				256062AF2B31835A00E67C9D /* Observable.swift */,
			);
			path = Observer;
			sourceTree = "<group>";
		};
		C317B6A62B2F1DB70059A700 /* NewCard */ = {
			isa = PBXGroup;
			children = (
				C317B6A72B2F1E140059A700 /* NewCardViewController.swift */,
				C317B6A82B2F1E140059A700 /* NewCardViewController.xib */,
				C317B6AE2B2F3A630059A700 /* NewCardViewModel.swift */,
			);
			path = NewCard;
			sourceTree = "<group>";
		};
		C317B6AB2B2F39060059A700 /* Network */ = {
			isa = PBXGroup;
			children = (
				C317B6AC2B2F394F0059A700 /* NetworkManager.swift */,
				C317B6B32B2F45B70059A700 /* ConstantManager.swift */,
			);
			path = Network;
			sourceTree = "<group>";
		};
		C317B6B02B2F44510059A700 /* ViewModel */ = {
			isa = PBXGroup;
			children = (
				C317B6B12B2F44620059A700 /* HomeViewModel.swift */,
			);
			path = ViewModel;
			sourceTree = "<group>";
		};
		C36DF2432B2D220000F33AEF /* Frameworks */ = {
			isa = PBXGroup;
			children = (
			);
			name = Frameworks;
			sourceTree = "<group>";
		};
		C3824DDD2B2CF8E00014ADF3 /* Extensions */ = {
			isa = PBXGroup;
			children = (
				C3824DDE2B2CF94E0014ADF3 /* ColorExt.swift */,
				C3824DE02B2CFA0F0014ADF3 /* UIViewExt.swift */,
				C3824DE22B2CFA270014ADF3 /* UIButtonExt.swift */,
				C3C30C652B2E238900F18AA4 /* NSObjectExt.swift */,
				256062B12B32D35C00E67C9D /* UITextFieldExt.swift */,
			);
			path = Extensions;
			sourceTree = "<group>";
		};
		C39D530A2B35F84600B25F2A /* ViewModel */ = {
			isa = PBXGroup;
			children = (
				C39D530D2B35F89300B25F2A /* PasswordGeneratorViewModel.swift */,
			);
			path = ViewModel;
			sourceTree = "<group>";
		};
		C3A007B12B2CB7D7009AD543 = {
			isa = PBXGroup;
			children = (
				C3A007BC2B2CB7D7009AD543 /* AccountChain */,
				C3A007D32B2CB7D8009AD543 /* AccountChainTests */,
				C3A007DD2B2CB7D8009AD543 /* AccountChainUITests */,
				C3A007BB2B2CB7D7009AD543 /* Products */,
				C36DF2432B2D220000F33AEF /* Frameworks */,
			);
			sourceTree = "<group>";
		};
		C3A007BB2B2CB7D7009AD543 /* Products */ = {
			isa = PBXGroup;
			children = (
				C3A007BA2B2CB7D7009AD543 /* AccountChain.app */,
				C3A007D02B2CB7D8009AD543 /* AccountChainTests.xctest */,
				C3A007DA2B2CB7D8009AD543 /* AccountChainUITests.xctest */,
			);
			name = Products;
			sourceTree = "<group>";
		};
		C3A007BC2B2CB7D7009AD543 /* AccountChain */ = {
			isa = PBXGroup;
			children = (
				C36DF23D2B2D1E3D00F33AEF /* AccountChain.entitlements */,
				C317B6AB2B2F39060059A700 /* Network */,
				C3824DDD2B2CF8E00014ADF3 /* Extensions */,
				256062AE2B31829A00E67C9D /* Observer */,
				C3A007EF2B2CBE5A009AD543 /* Resources */,
				C3A007F62B2CC179009AD543 /* Pages */,
				C3A007F12B2CBE8E009AD543 /* TabBar */,
				C3A007F02B2CBE7A009AD543 /* Views */,
				C3A007CB2B2CB7D7009AD543 /* Info.plist */,
				C3C30C692B2E32EC00F18AA4 /* GoogleService-Info.plist */,
			);
			path = AccountChain;
			sourceTree = "<group>";
		};
		C3A007D32B2CB7D8009AD543 /* AccountChainTests */ = {
			isa = PBXGroup;
			children = (
				C3A007D42B2CB7D8009AD543 /* AccountChainTests.swift */,
			);
			path = AccountChainTests;
			sourceTree = "<group>";
		};
		C3A007DD2B2CB7D8009AD543 /* AccountChainUITests */ = {
			isa = PBXGroup;
			children = (
				C3A007DE2B2CB7D8009AD543 /* AccountChainUITests.swift */,
				C3A007E02B2CB7D8009AD543 /* AccountChainUITestsLaunchTests.swift */,
			);
			path = AccountChainUITests;
			sourceTree = "<group>";
		};
		C3A007ED2B2CBE42009AD543 /* HomePage */ = {
			isa = PBXGroup;
			children = (
				C317B6B02B2F44510059A700 /* ViewModel */,
				C3A007EE2B2CBE52009AD543 /* Controller */,
				C317B6B52B2F48A20059A700 /* CardModel.swift */,
			);
			path = HomePage;
			sourceTree = "<group>";
		};
		C3A007EE2B2CBE52009AD543 /* Controller */ = {
			isa = PBXGroup;
			children = (
				C3A007F22B2CC133009AD543 /* HomeViewController.swift */,
				C3A007F32B2CC133009AD543 /* HomeViewController.xib */,
				C3C30C672B2E251400F18AA4 /* HomeViewController+TableView.swift */,
			);
			path = Controller;
			sourceTree = "<group>";
		};
		C3A007EF2B2CBE5A009AD543 /* Resources */ = {
			isa = PBXGroup;
			children = (
				C3A007BD2B2CB7D7009AD543 /* AppDelegate.swift */,
				C3A007BF2B2CB7D7009AD543 /* SceneDelegate.swift */,
				C3A007C62B2CB7D7009AD543 /* Assets.xcassets */,
				C35A61632B3079C200150E8A /* Colors.xcassets */,
			);
			path = Resources;
			sourceTree = "<group>";
		};
		C3A007F02B2CBE7A009AD543 /* Views */ = {
			isa = PBXGroup;
			children = (
				C3A0080B2B2CE62F009AD543 /* TableViewCell */,
				C3A007C82B2CB7D7009AD543 /* LaunchScreen.storyboard */,
			);
			path = Views;
			sourceTree = "<group>";
		};
		C3A007F12B2CBE8E009AD543 /* TabBar */ = {
			isa = PBXGroup;
			children = (
				C3A007C12B2CB7D7009AD543 /* TabBarController.swift */,
			);
			path = TabBar;
			sourceTree = "<group>";
		};
		C3A007F62B2CC179009AD543 /* Pages */ = {
			isa = PBXGroup;
			children = (
				C317B6A62B2F1DB70059A700 /* NewCard */,
				C3A007FC2B2CDA52009AD543 /* AuthPage */,
				C3A007F72B2CC194009AD543 /* PasswordGenerator */,
				C3A007ED2B2CBE42009AD543 /* HomePage */,
			);
			path = Pages;
			sourceTree = "<group>";
		};
		C3A007F72B2CC194009AD543 /* PasswordGenerator */ = {
			isa = PBXGroup;
			children = (
				C39D530A2B35F84600B25F2A /* ViewModel */,
				C3A007F82B2CC1E9009AD543 /* PasswordGeneratorViewController.swift */,
				C3A007F92B2CC1E9009AD543 /* PasswordGeneratorViewController.xib */,
			);
			path = PasswordGenerator;
			sourceTree = "<group>";
		};
		C3A007FC2B2CDA52009AD543 /* AuthPage */ = {
			isa = PBXGroup;
			children = (
				C3A007FD2B2CDA6F009AD543 /* Controller */,
			);
			path = AuthPage;
			sourceTree = "<group>";
		};
		C3A007FD2B2CDA6F009AD543 /* Controller */ = {
			isa = PBXGroup;
			children = (
				C3A008072B2CDB44009AD543 /* AuthentcationViewController.swift */,
				C35A61612B30637700150E8A /* AuthenticationViewModel.swift */,
				C3A008082B2CDB44009AD543 /* AuthentcationViewController.xib */,
			);
			path = Controller;
			sourceTree = "<group>";
		};
		C3A0080B2B2CE62F009AD543 /* TableViewCell */ = {
			isa = PBXGroup;
			children = (
				C3C30C612B2E0C4600F18AA4 /* CardCell.swift */,
				C3C30C622B2E0C4600F18AA4 /* CardCell.xib */,
			);
			path = TableViewCell;
			sourceTree = "<group>";
		};
/* End PBXGroup section */

/* Begin PBXNativeTarget section */
		C3A007B92B2CB7D7009AD543 /* AccountChain */ = {
			isa = PBXNativeTarget;
			buildConfigurationList = C3A007E42B2CB7D8009AD543 /* Build configuration list for PBXNativeTarget "AccountChain" */;
			buildPhases = (
				C3A007B62B2CB7D7009AD543 /* Sources */,
				C3A007B72B2CB7D7009AD543 /* Frameworks */,
				C3A007B82B2CB7D7009AD543 /* Resources */,
			);
			buildRules = (
			);
			dependencies = (
			);
			name = AccountChain;
			packageProductDependencies = (
				C36DF2272B2D121100F33AEF /* FirebaseAnalytics */,
				C36DF2292B2D121100F33AEF /* FirebaseAnalyticsSwift */,
				C36DF22B2B2D121100F33AEF /* FirebaseAppCheck */,
				C36DF22D2B2D121100F33AEF /* FirebaseAuth */,
				C36DF22F2B2D121100F33AEF /* FirebaseCrashlytics */,
				C36DF2312B2D121100F33AEF /* FirebaseDatabase */,
				C36DF2332B2D121100F33AEF /* FirebaseDatabaseSwift */,
				C36DF2352B2D121100F33AEF /* FirebaseFirestore */,
				C36DF2372B2D121100F33AEF /* FirebaseFirestoreSwift */,
				C36DF2392B2D121100F33AEF /* FirebaseMessaging */,
				C36DF23B2B2D121100F33AEF /* FirebaseStorage */,
				C36DF23F2B2D214000F33AEF /* GoogleSignIn */,
				C36DF2412B2D214000F33AEF /* GoogleSignInSwift */,
			);
			productName = AccountChain;
			productReference = C3A007BA2B2CB7D7009AD543 /* AccountChain.app */;
			productType = "com.apple.product-type.application";
		};
		C3A007CF2B2CB7D8009AD543 /* AccountChainTests */ = {
			isa = PBXNativeTarget;
			buildConfigurationList = C3A007E72B2CB7D8009AD543 /* Build configuration list for PBXNativeTarget "AccountChainTests" */;
			buildPhases = (
				C3A007CC2B2CB7D8009AD543 /* Sources */,
				C3A007CD2B2CB7D8009AD543 /* Frameworks */,
				C3A007CE2B2CB7D8009AD543 /* Resources */,
			);
			buildRules = (
			);
			dependencies = (
				C3A007D22B2CB7D8009AD543 /* PBXTargetDependency */,
			);
			name = AccountChainTests;
			productName = AccountChainTests;
			productReference = C3A007D02B2CB7D8009AD543 /* AccountChainTests.xctest */;
			productType = "com.apple.product-type.bundle.unit-test";
		};
		C3A007D92B2CB7D8009AD543 /* AccountChainUITests */ = {
			isa = PBXNativeTarget;
			buildConfigurationList = C3A007EA2B2CB7D8009AD543 /* Build configuration list for PBXNativeTarget "AccountChainUITests" */;
			buildPhases = (
				C3A007D62B2CB7D8009AD543 /* Sources */,
				C3A007D72B2CB7D8009AD543 /* Frameworks */,
				C3A007D82B2CB7D8009AD543 /* Resources */,
			);
			buildRules = (
			);
			dependencies = (
				C3A007DC2B2CB7D8009AD543 /* PBXTargetDependency */,
			);
			name = AccountChainUITests;
			productName = AccountChainUITests;
			productReference = C3A007DA2B2CB7D8009AD543 /* AccountChainUITests.xctest */;
			productType = "com.apple.product-type.bundle.ui-testing";
		};
/* End PBXNativeTarget section */

/* Begin PBXProject section */
		C3A007B22B2CB7D7009AD543 /* Project object */ = {
			isa = PBXProject;
			attributes = {
				BuildIndependentTargetsInParallel = 1;
				LastSwiftUpdateCheck = 1500;
				LastUpgradeCheck = 1500;
				TargetAttributes = {
					C3A007B92B2CB7D7009AD543 = {
						CreatedOnToolsVersion = 15.0.1;
					};
					C3A007CF2B2CB7D8009AD543 = {
						CreatedOnToolsVersion = 15.0.1;
						TestTargetID = C3A007B92B2CB7D7009AD543;
					};
					C3A007D92B2CB7D8009AD543 = {
						CreatedOnToolsVersion = 15.0.1;
						TestTargetID = C3A007B92B2CB7D7009AD543;
					};
				};
			};
			buildConfigurationList = C3A007B52B2CB7D7009AD543 /* Build configuration list for PBXProject "AccountChain" */;
			compatibilityVersion = "Xcode 14.0";
			developmentRegion = en;
			hasScannedForEncodings = 0;
			knownRegions = (
				en,
				Base,
			);
			mainGroup = C3A007B12B2CB7D7009AD543;
			packageReferences = (
				C36DF2262B2D121100F33AEF /* XCRemoteSwiftPackageReference "firebase-ios-sdk" */,
				C36DF23E2B2D214000F33AEF /* XCRemoteSwiftPackageReference "GoogleSignIn-iOS" */,
			);
			productRefGroup = C3A007BB2B2CB7D7009AD543 /* Products */;
			projectDirPath = "";
			projectRoot = "";
			targets = (
				C3A007B92B2CB7D7009AD543 /* AccountChain */,
				C3A007CF2B2CB7D8009AD543 /* AccountChainTests */,
				C3A007D92B2CB7D8009AD543 /* AccountChainUITests */,
			);
		};
/* End PBXProject section */

/* Begin PBXResourcesBuildPhase section */
		C3A007B82B2CB7D7009AD543 /* Resources */ = {
			isa = PBXResourcesBuildPhase;
			buildActionMask = 2147483647;
			files = (
				C35A61642B3079C200150E8A /* Colors.xcassets in Resources */,
				C3A007CA2B2CB7D7009AD543 /* LaunchScreen.storyboard in Resources */,
				C3A0080A2B2CDB44009AD543 /* AuthentcationViewController.xib in Resources */,
				C3A007FB2B2CC1E9009AD543 /* PasswordGeneratorViewController.xib in Resources */,
				C3C30C642B2E0C4600F18AA4 /* CardCell.xib in Resources */,
				C3A007C72B2CB7D7009AD543 /* Assets.xcassets in Resources */,
				C317B6AA2B2F1E140059A700 /* NewCardViewController.xib in Resources */,
				C3A007F52B2CC133009AD543 /* HomeViewController.xib in Resources */,
				C3C30C6A2B2E32EC00F18AA4 /* GoogleService-Info.plist in Resources */,
			);
			runOnlyForDeploymentPostprocessing = 0;
		};
		C3A007CE2B2CB7D8009AD543 /* Resources */ = {
			isa = PBXResourcesBuildPhase;
			buildActionMask = 2147483647;
			files = (
			);
			runOnlyForDeploymentPostprocessing = 0;
		};
		C3A007D82B2CB7D8009AD543 /* Resources */ = {
			isa = PBXResourcesBuildPhase;
			buildActionMask = 2147483647;
			files = (
			);
			runOnlyForDeploymentPostprocessing = 0;
		};
/* End PBXResourcesBuildPhase section */

/* Begin PBXSourcesBuildPhase section */
		C3A007B62B2CB7D7009AD543 /* Sources */ = {
			isa = PBXSourcesBuildPhase;
			buildActionMask = 2147483647;
			files = (
				C317B6A92B2F1E140059A700 /* NewCardViewController.swift in Sources */,
				C3824DE12B2CFA0F0014ADF3 /* UIViewExt.swift in Sources */,
				C35A61622B30637700150E8A /* AuthenticationViewModel.swift in Sources */,
				C317B6B42B2F45B70059A700 /* ConstantManager.swift in Sources */,
				C3824DE32B2CFA270014ADF3 /* UIButtonExt.swift in Sources */,
				C317B6B22B2F44620059A700 /* HomeViewModel.swift in Sources */,
				C317B6B62B2F48A20059A700 /* CardModel.swift in Sources */,
				C3A007C22B2CB7D7009AD543 /* TabBarController.swift in Sources */,
				C3C30C682B2E251400F18AA4 /* HomeViewController+TableView.swift in Sources */,
				C3824DDF2B2CF94E0014ADF3 /* ColorExt.swift in Sources */,
				C3A007BE2B2CB7D7009AD543 /* AppDelegate.swift in Sources */,
				C3C30C632B2E0C4600F18AA4 /* CardCell.swift in Sources */,
				256062B22B32D35C00E67C9D /* UITextFieldExt.swift in Sources */,
				C3A007FA2B2CC1E9009AD543 /* PasswordGeneratorViewController.swift in Sources */,
				C3C30C662B2E238900F18AA4 /* NSObjectExt.swift in Sources */,
				C39D530E2B35F89300B25F2A /* PasswordGeneratorViewModel.swift in Sources */,
				C317B6AD2B2F394F0059A700 /* NetworkManager.swift in Sources */,
				C3A007C02B2CB7D7009AD543 /* SceneDelegate.swift in Sources */,
				256062B02B31835A00E67C9D /* Observable.swift in Sources */,
				C3A008092B2CDB44009AD543 /* AuthentcationViewController.swift in Sources */,
				C317B6AF2B2F3A630059A700 /* NewCardViewModel.swift in Sources */,
				C3A007F42B2CC133009AD543 /* HomeViewController.swift in Sources */,
			);
			runOnlyForDeploymentPostprocessing = 0;
		};
		C3A007CC2B2CB7D8009AD543 /* Sources */ = {
			isa = PBXSourcesBuildPhase;
			buildActionMask = 2147483647;
			files = (
				C3A007D52B2CB7D8009AD543 /* AccountChainTests.swift in Sources */,
			);
			runOnlyForDeploymentPostprocessing = 0;
		};
		C3A007D62B2CB7D8009AD543 /* Sources */ = {
			isa = PBXSourcesBuildPhase;
			buildActionMask = 2147483647;
			files = (
				C3A007E12B2CB7D8009AD543 /* AccountChainUITestsLaunchTests.swift in Sources */,
				C3A007DF2B2CB7D8009AD543 /* AccountChainUITests.swift in Sources */,
			);
			runOnlyForDeploymentPostprocessing = 0;
		};
/* End PBXSourcesBuildPhase section */

/* Begin PBXTargetDependency section */
		C3A007D22B2CB7D8009AD543 /* PBXTargetDependency */ = {
			isa = PBXTargetDependency;
			target = C3A007B92B2CB7D7009AD543 /* AccountChain */;
			targetProxy = C3A007D12B2CB7D8009AD543 /* PBXContainerItemProxy */;
		};
		C3A007DC2B2CB7D8009AD543 /* PBXTargetDependency */ = {
			isa = PBXTargetDependency;
			target = C3A007B92B2CB7D7009AD543 /* AccountChain */;
			targetProxy = C3A007DB2B2CB7D8009AD543 /* PBXContainerItemProxy */;
		};
/* End PBXTargetDependency section */

/* Begin PBXVariantGroup section */
		C3A007C82B2CB7D7009AD543 /* LaunchScreen.storyboard */ = {
			isa = PBXVariantGroup;
			children = (
				C3A007C92B2CB7D7009AD543 /* Base */,
			);
			name = LaunchScreen.storyboard;
			sourceTree = "<group>";
		};
/* End PBXVariantGroup section */

/* Begin XCBuildConfiguration section */
		C3A007E22B2CB7D8009AD543 /* Debug */ = {
			isa = XCBuildConfiguration;
			buildSettings = {
				ALWAYS_SEARCH_USER_PATHS = NO;
				ASSETCATALOG_COMPILER_GENERATE_SWIFT_ASSET_SYMBOL_EXTENSIONS = YES;
				CLANG_ANALYZER_NONNULL = YES;
				CLANG_ANALYZER_NUMBER_OBJECT_CONVERSION = YES_AGGRESSIVE;
				CLANG_CXX_LANGUAGE_STANDARD = "gnu++20";
				CLANG_ENABLE_MODULES = YES;
				CLANG_ENABLE_OBJC_ARC = YES;
				CLANG_ENABLE_OBJC_WEAK = YES;
				CLANG_WARN_BLOCK_CAPTURE_AUTORELEASING = YES;
				CLANG_WARN_BOOL_CONVERSION = YES;
				CLANG_WARN_COMMA = YES;
				CLANG_WARN_CONSTANT_CONVERSION = YES;
				CLANG_WARN_DEPRECATED_OBJC_IMPLEMENTATIONS = YES;
				CLANG_WARN_DIRECT_OBJC_ISA_USAGE = YES_ERROR;
				CLANG_WARN_DOCUMENTATION_COMMENTS = YES;
				CLANG_WARN_EMPTY_BODY = YES;
				CLANG_WARN_ENUM_CONVERSION = YES;
				CLANG_WARN_INFINITE_RECURSION = YES;
				CLANG_WARN_INT_CONVERSION = YES;
				CLANG_WARN_NON_LITERAL_NULL_CONVERSION = YES;
				CLANG_WARN_OBJC_IMPLICIT_RETAIN_SELF = YES;
				CLANG_WARN_OBJC_LITERAL_CONVERSION = YES;
				CLANG_WARN_OBJC_ROOT_CLASS = YES_ERROR;
				CLANG_WARN_QUOTED_INCLUDE_IN_FRAMEWORK_HEADER = YES;
				CLANG_WARN_RANGE_LOOP_ANALYSIS = YES;
				CLANG_WARN_STRICT_PROTOTYPES = YES;
				CLANG_WARN_SUSPICIOUS_MOVE = YES;
				CLANG_WARN_UNGUARDED_AVAILABILITY = YES_AGGRESSIVE;
				CLANG_WARN_UNREACHABLE_CODE = YES;
				CLANG_WARN__DUPLICATE_METHOD_MATCH = YES;
				COPY_PHASE_STRIP = NO;
				DEBUG_INFORMATION_FORMAT = dwarf;
				ENABLE_STRICT_OBJC_MSGSEND = YES;
				ENABLE_TESTABILITY = YES;
				ENABLE_USER_SCRIPT_SANDBOXING = YES;
				GCC_C_LANGUAGE_STANDARD = gnu17;
				GCC_DYNAMIC_NO_PIC = NO;
				GCC_NO_COMMON_BLOCKS = YES;
				GCC_OPTIMIZATION_LEVEL = 0;
				GCC_PREPROCESSOR_DEFINITIONS = (
					"DEBUG=1",
					"$(inherited)",
				);
				GCC_WARN_64_TO_32_BIT_CONVERSION = YES;
				GCC_WARN_ABOUT_RETURN_TYPE = YES_ERROR;
				GCC_WARN_UNDECLARED_SELECTOR = YES;
				GCC_WARN_UNINITIALIZED_AUTOS = YES_AGGRESSIVE;
				GCC_WARN_UNUSED_FUNCTION = YES;
				GCC_WARN_UNUSED_VARIABLE = YES;
				IPHONEOS_DEPLOYMENT_TARGET = 17.0;
				LOCALIZATION_PREFERS_STRING_CATALOGS = YES;
				MTL_ENABLE_DEBUG_INFO = INCLUDE_SOURCE;
				MTL_FAST_MATH = YES;
				ONLY_ACTIVE_ARCH = YES;
				SDKROOT = iphoneos;
				SWIFT_ACTIVE_COMPILATION_CONDITIONS = "DEBUG $(inherited)";
				SWIFT_OPTIMIZATION_LEVEL = "-Onone";
			};
			name = Debug;
		};
		C3A007E32B2CB7D8009AD543 /* Release */ = {
			isa = XCBuildConfiguration;
			buildSettings = {
				ALWAYS_SEARCH_USER_PATHS = NO;
				ASSETCATALOG_COMPILER_GENERATE_SWIFT_ASSET_SYMBOL_EXTENSIONS = YES;
				CLANG_ANALYZER_NONNULL = YES;
				CLANG_ANALYZER_NUMBER_OBJECT_CONVERSION = YES_AGGRESSIVE;
				CLANG_CXX_LANGUAGE_STANDARD = "gnu++20";
				CLANG_ENABLE_MODULES = YES;
				CLANG_ENABLE_OBJC_ARC = YES;
				CLANG_ENABLE_OBJC_WEAK = YES;
				CLANG_WARN_BLOCK_CAPTURE_AUTORELEASING = YES;
				CLANG_WARN_BOOL_CONVERSION = YES;
				CLANG_WARN_COMMA = YES;
				CLANG_WARN_CONSTANT_CONVERSION = YES;
				CLANG_WARN_DEPRECATED_OBJC_IMPLEMENTATIONS = YES;
				CLANG_WARN_DIRECT_OBJC_ISA_USAGE = YES_ERROR;
				CLANG_WARN_DOCUMENTATION_COMMENTS = YES;
				CLANG_WARN_EMPTY_BODY = YES;
				CLANG_WARN_ENUM_CONVERSION = YES;
				CLANG_WARN_INFINITE_RECURSION = YES;
				CLANG_WARN_INT_CONVERSION = YES;
				CLANG_WARN_NON_LITERAL_NULL_CONVERSION = YES;
				CLANG_WARN_OBJC_IMPLICIT_RETAIN_SELF = YES;
				CLANG_WARN_OBJC_LITERAL_CONVERSION = YES;
				CLANG_WARN_OBJC_ROOT_CLASS = YES_ERROR;
				CLANG_WARN_QUOTED_INCLUDE_IN_FRAMEWORK_HEADER = YES;
				CLANG_WARN_RANGE_LOOP_ANALYSIS = YES;
				CLANG_WARN_STRICT_PROTOTYPES = YES;
				CLANG_WARN_SUSPICIOUS_MOVE = YES;
				CLANG_WARN_UNGUARDED_AVAILABILITY = YES_AGGRESSIVE;
				CLANG_WARN_UNREACHABLE_CODE = YES;
				CLANG_WARN__DUPLICATE_METHOD_MATCH = YES;
				COPY_PHASE_STRIP = NO;
				DEBUG_INFORMATION_FORMAT = "dwarf-with-dsym";
				ENABLE_NS_ASSERTIONS = NO;
				ENABLE_STRICT_OBJC_MSGSEND = YES;
				ENABLE_USER_SCRIPT_SANDBOXING = YES;
				GCC_C_LANGUAGE_STANDARD = gnu17;
				GCC_NO_COMMON_BLOCKS = YES;
				GCC_WARN_64_TO_32_BIT_CONVERSION = YES;
				GCC_WARN_ABOUT_RETURN_TYPE = YES_ERROR;
				GCC_WARN_UNDECLARED_SELECTOR = YES;
				GCC_WARN_UNINITIALIZED_AUTOS = YES_AGGRESSIVE;
				GCC_WARN_UNUSED_FUNCTION = YES;
				GCC_WARN_UNUSED_VARIABLE = YES;
				IPHONEOS_DEPLOYMENT_TARGET = 17.0;
				LOCALIZATION_PREFERS_STRING_CATALOGS = YES;
				MTL_ENABLE_DEBUG_INFO = NO;
				MTL_FAST_MATH = YES;
				SDKROOT = iphoneos;
				SWIFT_COMPILATION_MODE = wholemodule;
				VALIDATE_PRODUCT = YES;
			};
			name = Release;
		};
		C3A007E52B2CB7D8009AD543 /* Debug */ = {
			isa = XCBuildConfiguration;
			buildSettings = {
				ASSETCATALOG_COMPILER_APPICON_NAME = AppIcon;
				ASSETCATALOG_COMPILER_GLOBAL_ACCENT_COLOR_NAME = AccentColor;
				CODE_SIGN_ENTITLEMENTS = AccountChain/AccountChain.entitlements;
				CODE_SIGN_STYLE = Automatic;
				CURRENT_PROJECT_VERSION = 1;
				DEVELOPMENT_TEAM = 67Z58QAU33;
				GENERATE_INFOPLIST_FILE = YES;
				INFOPLIST_FILE = AccountChain/Info.plist;
				INFOPLIST_KEY_UIApplicationSupportsIndirectInputEvents = YES;
				INFOPLIST_KEY_UILaunchStoryboardName = LaunchScreen;
				INFOPLIST_KEY_UISupportedInterfaceOrientations_iPad = "UIInterfaceOrientationPortrait UIInterfaceOrientationPortraitUpsideDown UIInterfaceOrientationLandscapeLeft UIInterfaceOrientationLandscapeRight";
				INFOPLIST_KEY_UISupportedInterfaceOrientations_iPhone = "UIInterfaceOrientationPortrait UIInterfaceOrientationLandscapeLeft UIInterfaceOrientationLandscapeRight";
				LD_RUNPATH_SEARCH_PATHS = (
					"$(inherited)",
					"@executable_path/Frameworks",
				);
				MARKETING_VERSION = 1.0;
				PRODUCT_BUNDLE_IDENTIFIER = EmreOzturk.AccountChain;
				PRODUCT_NAME = "$(TARGET_NAME)";
				SWIFT_EMIT_LOC_STRINGS = YES;
				SWIFT_VERSION = 5.0;
				TARGETED_DEVICE_FAMILY = "1,2";
			};
			name = Debug;
		};
		C3A007E62B2CB7D8009AD543 /* Release */ = {
			isa = XCBuildConfiguration;
			buildSettings = {
				ASSETCATALOG_COMPILER_APPICON_NAME = AppIcon;
				ASSETCATALOG_COMPILER_GLOBAL_ACCENT_COLOR_NAME = AccentColor;
				CODE_SIGN_ENTITLEMENTS = AccountChain/AccountChain.entitlements;
				CODE_SIGN_STYLE = Automatic;
				CURRENT_PROJECT_VERSION = 1;
				DEVELOPMENT_TEAM = 67Z58QAU33;
				GENERATE_INFOPLIST_FILE = YES;
				INFOPLIST_FILE = AccountChain/Info.plist;
				INFOPLIST_KEY_UIApplicationSupportsIndirectInputEvents = YES;
				INFOPLIST_KEY_UILaunchStoryboardName = LaunchScreen;
				INFOPLIST_KEY_UISupportedInterfaceOrientations_iPad = "UIInterfaceOrientationPortrait UIInterfaceOrientationPortraitUpsideDown UIInterfaceOrientationLandscapeLeft UIInterfaceOrientationLandscapeRight";
				INFOPLIST_KEY_UISupportedInterfaceOrientations_iPhone = "UIInterfaceOrientationPortrait UIInterfaceOrientationLandscapeLeft UIInterfaceOrientationLandscapeRight";
				LD_RUNPATH_SEARCH_PATHS = (
					"$(inherited)",
					"@executable_path/Frameworks",
				);
				MARKETING_VERSION = 1.0;
				PRODUCT_BUNDLE_IDENTIFIER = EmreOzturk.AccountChain;
				PRODUCT_NAME = "$(TARGET_NAME)";
				SWIFT_EMIT_LOC_STRINGS = YES;
				SWIFT_VERSION = 5.0;
				TARGETED_DEVICE_FAMILY = "1,2";
			};
			name = Release;
		};
		C3A007E82B2CB7D8009AD543 /* Debug */ = {
			isa = XCBuildConfiguration;
			buildSettings = {
				ALWAYS_EMBED_SWIFT_STANDARD_LIBRARIES = YES;
				BUNDLE_LOADER = "$(TEST_HOST)";
				CODE_SIGN_STYLE = Automatic;
				CURRENT_PROJECT_VERSION = 1;
				GENERATE_INFOPLIST_FILE = YES;
				IPHONEOS_DEPLOYMENT_TARGET = 17.0;
				MARKETING_VERSION = 1.0;
				PRODUCT_BUNDLE_IDENTIFIER = EmreOzturk.AccountChainTests;
				PRODUCT_NAME = "$(TARGET_NAME)";
				SWIFT_EMIT_LOC_STRINGS = NO;
				SWIFT_VERSION = 5.0;
				TARGETED_DEVICE_FAMILY = "1,2";
				TEST_HOST = "$(BUILT_PRODUCTS_DIR)/AccountChain.app/$(BUNDLE_EXECUTABLE_FOLDER_PATH)/AccountChain";
			};
			name = Debug;
		};
		C3A007E92B2CB7D8009AD543 /* Release */ = {
			isa = XCBuildConfiguration;
			buildSettings = {
				ALWAYS_EMBED_SWIFT_STANDARD_LIBRARIES = YES;
				BUNDLE_LOADER = "$(TEST_HOST)";
				CODE_SIGN_STYLE = Automatic;
				CURRENT_PROJECT_VERSION = 1;
				GENERATE_INFOPLIST_FILE = YES;
				IPHONEOS_DEPLOYMENT_TARGET = 17.0;
				MARKETING_VERSION = 1.0;
				PRODUCT_BUNDLE_IDENTIFIER = EmreOzturk.AccountChainTests;
				PRODUCT_NAME = "$(TARGET_NAME)";
				SWIFT_EMIT_LOC_STRINGS = NO;
				SWIFT_VERSION = 5.0;
				TARGETED_DEVICE_FAMILY = "1,2";
				TEST_HOST = "$(BUILT_PRODUCTS_DIR)/AccountChain.app/$(BUNDLE_EXECUTABLE_FOLDER_PATH)/AccountChain";
			};
			name = Release;
		};
		C3A007EB2B2CB7D8009AD543 /* Debug */ = {
			isa = XCBuildConfiguration;
			buildSettings = {
				ALWAYS_EMBED_SWIFT_STANDARD_LIBRARIES = YES;
				CODE_SIGN_STYLE = Automatic;
				CURRENT_PROJECT_VERSION = 1;
				GENERATE_INFOPLIST_FILE = YES;
				MARKETING_VERSION = 1.0;
				PRODUCT_BUNDLE_IDENTIFIER = EmreOzturk.AccountChainUITests;
				PRODUCT_NAME = "$(TARGET_NAME)";
				SWIFT_EMIT_LOC_STRINGS = NO;
				SWIFT_VERSION = 5.0;
				TARGETED_DEVICE_FAMILY = "1,2";
				TEST_TARGET_NAME = AccountChain;
			};
			name = Debug;
		};
		C3A007EC2B2CB7D8009AD543 /* Release */ = {
			isa = XCBuildConfiguration;
			buildSettings = {
				ALWAYS_EMBED_SWIFT_STANDARD_LIBRARIES = YES;
				CODE_SIGN_STYLE = Automatic;
				CURRENT_PROJECT_VERSION = 1;
				GENERATE_INFOPLIST_FILE = YES;
				MARKETING_VERSION = 1.0;
				PRODUCT_BUNDLE_IDENTIFIER = EmreOzturk.AccountChainUITests;
				PRODUCT_NAME = "$(TARGET_NAME)";
				SWIFT_EMIT_LOC_STRINGS = NO;
				SWIFT_VERSION = 5.0;
				TARGETED_DEVICE_FAMILY = "1,2";
				TEST_TARGET_NAME = AccountChain;
			};
			name = Release;
		};
/* End XCBuildConfiguration section */

/* Begin XCConfigurationList section */
		C3A007B52B2CB7D7009AD543 /* Build configuration list for PBXProject "AccountChain" */ = {
			isa = XCConfigurationList;
			buildConfigurations = (
				C3A007E22B2CB7D8009AD543 /* Debug */,
				C3A007E32B2CB7D8009AD543 /* Release */,
			);
			defaultConfigurationIsVisible = 0;
			defaultConfigurationName = Release;
		};
		C3A007E42B2CB7D8009AD543 /* Build configuration list for PBXNativeTarget "AccountChain" */ = {
			isa = XCConfigurationList;
			buildConfigurations = (
				C3A007E52B2CB7D8009AD543 /* Debug */,
				C3A007E62B2CB7D8009AD543 /* Release */,
			);
			defaultConfigurationIsVisible = 0;
			defaultConfigurationName = Release;
		};
		C3A007E72B2CB7D8009AD543 /* Build configuration list for PBXNativeTarget "AccountChainTests" */ = {
			isa = XCConfigurationList;
			buildConfigurations = (
				C3A007E82B2CB7D8009AD543 /* Debug */,
				C3A007E92B2CB7D8009AD543 /* Release */,
			);
			defaultConfigurationIsVisible = 0;
			defaultConfigurationName = Release;
		};
		C3A007EA2B2CB7D8009AD543 /* Build configuration list for PBXNativeTarget "AccountChainUITests" */ = {
			isa = XCConfigurationList;
			buildConfigurations = (
				C3A007EB2B2CB7D8009AD543 /* Debug */,
				C3A007EC2B2CB7D8009AD543 /* Release */,
			);
			defaultConfigurationIsVisible = 0;
			defaultConfigurationName = Release;
		};
/* End XCConfigurationList section */

/* Begin XCRemoteSwiftPackageReference section */
		C36DF2262B2D121100F33AEF /* XCRemoteSwiftPackageReference "firebase-ios-sdk" */ = {
			isa = XCRemoteSwiftPackageReference;
			repositoryURL = "https://github.com/firebase/firebase-ios-sdk";
			requirement = {
				kind = upToNextMajorVersion;
				minimumVersion = 10.19.1;
			};
		};
		C36DF23E2B2D214000F33AEF /* XCRemoteSwiftPackageReference "GoogleSignIn-iOS" */ = {
			isa = XCRemoteSwiftPackageReference;
			repositoryURL = "https://github.com/google/GoogleSignIn-iOS";
			requirement = {
				kind = upToNextMajorVersion;
				minimumVersion = 7.0.0;
			};
		};
/* End XCRemoteSwiftPackageReference section */

/* Begin XCSwiftPackageProductDependency section */
		C36DF2272B2D121100F33AEF /* FirebaseAnalytics */ = {
			isa = XCSwiftPackageProductDependency;
			package = C36DF2262B2D121100F33AEF /* XCRemoteSwiftPackageReference "firebase-ios-sdk" */;
			productName = FirebaseAnalytics;
		};
		C36DF2292B2D121100F33AEF /* FirebaseAnalyticsSwift */ = {
			isa = XCSwiftPackageProductDependency;
			package = C36DF2262B2D121100F33AEF /* XCRemoteSwiftPackageReference "firebase-ios-sdk" */;
			productName = FirebaseAnalyticsSwift;
		};
		C36DF22B2B2D121100F33AEF /* FirebaseAppCheck */ = {
			isa = XCSwiftPackageProductDependency;
			package = C36DF2262B2D121100F33AEF /* XCRemoteSwiftPackageReference "firebase-ios-sdk" */;
			productName = FirebaseAppCheck;
		};
		C36DF22D2B2D121100F33AEF /* FirebaseAuth */ = {
			isa = XCSwiftPackageProductDependency;
			package = C36DF2262B2D121100F33AEF /* XCRemoteSwiftPackageReference "firebase-ios-sdk" */;
			productName = FirebaseAuth;
		};
		C36DF22F2B2D121100F33AEF /* FirebaseCrashlytics */ = {
			isa = XCSwiftPackageProductDependency;
			package = C36DF2262B2D121100F33AEF /* XCRemoteSwiftPackageReference "firebase-ios-sdk" */;
			productName = FirebaseCrashlytics;
		};
		C36DF2312B2D121100F33AEF /* FirebaseDatabase */ = {
			isa = XCSwiftPackageProductDependency;
			package = C36DF2262B2D121100F33AEF /* XCRemoteSwiftPackageReference "firebase-ios-sdk" */;
			productName = FirebaseDatabase;
		};
		C36DF2332B2D121100F33AEF /* FirebaseDatabaseSwift */ = {
			isa = XCSwiftPackageProductDependency;
			package = C36DF2262B2D121100F33AEF /* XCRemoteSwiftPackageReference "firebase-ios-sdk" */;
			productName = FirebaseDatabaseSwift;
		};
		C36DF2352B2D121100F33AEF /* FirebaseFirestore */ = {
			isa = XCSwiftPackageProductDependency;
			package = C36DF2262B2D121100F33AEF /* XCRemoteSwiftPackageReference "firebase-ios-sdk" */;
			productName = FirebaseFirestore;
		};
		C36DF2372B2D121100F33AEF /* FirebaseFirestoreSwift */ = {
			isa = XCSwiftPackageProductDependency;
			package = C36DF2262B2D121100F33AEF /* XCRemoteSwiftPackageReference "firebase-ios-sdk" */;
			productName = FirebaseFirestoreSwift;
		};
		C36DF2392B2D121100F33AEF /* FirebaseMessaging */ = {
			isa = XCSwiftPackageProductDependency;
			package = C36DF2262B2D121100F33AEF /* XCRemoteSwiftPackageReference "firebase-ios-sdk" */;
			productName = FirebaseMessaging;
		};
		C36DF23B2B2D121100F33AEF /* FirebaseStorage */ = {
			isa = XCSwiftPackageProductDependency;
			package = C36DF2262B2D121100F33AEF /* XCRemoteSwiftPackageReference "firebase-ios-sdk" */;
			productName = FirebaseStorage;
		};
		C36DF23F2B2D214000F33AEF /* GoogleSignIn */ = {
			isa = XCSwiftPackageProductDependency;
			package = C36DF23E2B2D214000F33AEF /* XCRemoteSwiftPackageReference "GoogleSignIn-iOS" */;
			productName = GoogleSignIn;
		};
		C36DF2412B2D214000F33AEF /* GoogleSignInSwift */ = {
			isa = XCSwiftPackageProductDependency;
			package = C36DF23E2B2D214000F33AEF /* XCRemoteSwiftPackageReference "GoogleSignIn-iOS" */;
			productName = GoogleSignInSwift;
		};
/* End XCSwiftPackageProductDependency section */
	};
	rootObject = C3A007B22B2CB7D7009AD543 /* Project object */;
}
