// !$*UTF8*$!
{
	archiveVersion = 1;
	classes = {
	};
	objectVersion = 56;
	objects = {

/* Begin PBXBuildFile section */
		C3A007BE2B2CB7D7009AD543 /* AppDelegate.swift in Sources */ = {isa = PBXBuildFile; fileRef = C3A007BD2B2CB7D7009AD543 /* AppDelegate.swift */; };
		C3A007C02B2CB7D7009AD543 /* SceneDelegate.swift in Sources */ = {isa = PBXBuildFile; fileRef = C3A007BF2B2CB7D7009AD543 /* SceneDelegate.swift */; };
		C3A007C22B2CB7D7009AD543 /* ViewController.swift in Sources */ = {isa = PBXBuildFile; fileRef = C3A007C12B2CB7D7009AD543 /* ViewController.swift */; };
		C3A007C52B2CB7D7009AD543 /* Main.storyboard in Resources */ = {isa = PBXBuildFile; fileRef = C3A007C32B2CB7D7009AD543 /* Main.storyboard */; };
		C3A007C72B2CB7D7009AD543 /* Assets.xcassets in Resources */ = {isa = PBXBuildFile; fileRef = C3A007C62B2CB7D7009AD543 /* Assets.xcassets */; };
		C3A007CA2B2CB7D7009AD543 /* LaunchScreen.storyboard in Resources */ = {isa = PBXBuildFile; fileRef = C3A007C82B2CB7D7009AD543 /* LaunchScreen.storyboard */; };
		C3A007D52B2CB7D8009AD543 /* AccountChainTests.swift in Sources */ = {isa = PBXBuildFile; fileRef = C3A007D42B2CB7D8009AD543 /* AccountChainTests.swift */; };
		C3A007DF2B2CB7D8009AD543 /* AccountChainUITests.swift in Sources */ = {isa = PBXBuildFile; fileRef = C3A007DE2B2CB7D8009AD543 /* AccountChainUITests.swift */; };
		C3A007E12B2CB7D8009AD543 /* AccountChainUITestsLaunchTests.swift in Sources */ = {isa = PBXBuildFile; fileRef = C3A007E02B2CB7D8009AD543 /* AccountChainUITestsLaunchTests.swift */; };
/* End PBXBuildFile section */

/* Begin PBXContainerItemProxy section */
		C3A007D12B2CB7D8009AD543 /* PBXContainerItemProxy */ = {
			isa = PBXContainerItemProxy;
			containerPortal = C3A007B22B2CB7D7009AD543 /* Project object */;
			proxyType = 1;
			remoteGlobalIDString = C3A007B92B2CB7D7009AD543;
			remoteInfo = AccountChain;
		};
		C3A007DB2B2CB7D8009AD543 /* PBXContainerItemProxy */ = {
			isa = PBXContainerItemProxy;
			containerPortal = C3A007B22B2CB7D7009AD543 /* Project object */;
			proxyType = 1;
			remoteGlobalIDString = C3A007B92B2CB7D7009AD543;
			remoteInfo = AccountChain;
		};
/* End PBXContainerItemProxy section */

/* Begin PBXFileReference section */
		C3A007BA2B2CB7D7009AD543 /* AccountChain.app */ = {isa = PBXFileReference; explicitFileType = wrapper.application; includeInIndex = 0; path = AccountChain.app; sourceTree = BUILT_PRODUCTS_DIR; };
		C3A007BD2B2CB7D7009AD543 /* AppDelegate.swift */ = {isa = PBXFileReference; lastKnownFileType = sourcecode.swift; path = AppDelegate.swift; sourceTree = "<group>"; };
		C3A007BF2B2CB7D7009AD543 /* SceneDelegate.swift */ = {isa = PBXFileReference; lastKnownFileType = sourcecode.swift; path = SceneDelegate.swift; sourceTree = "<group>"; };
		C3A007C12B2CB7D7009AD543 /* ViewController.swift */ = {isa = PBXFileReference; lastKnownFileType = sourcecode.swift; path = ViewController.swift; sourceTree = "<group>"; };
		C3A007C42B2CB7D7009AD543 /* Base */ = {isa = PBXFileReference; lastKnownFileType = file.storyboard; name = Base; path = Base.lproj/Main.storyboard; sourceTree = "<group>"; };
		C3A007C62B2CB7D7009AD543 /* Assets.xcassets */ = {isa = PBXFileReference; lastKnownFileType = folder.assetcatalog; path = Assets.xcassets; sourceTree = "<group>"; };
		C3A007C92B2CB7D7009AD543 /* Base */ = {isa = PBXFileReference; lastKnownFileType = file.storyboard; name = Base; path = Base.lproj/LaunchScreen.storyboard; sourceTree = "<group>"; };
		C3A007CB2B2CB7D7009AD543 /* Info.plist */ = {isa = PBXFileReference; lastKnownFileType = text.plist.xml; path = Info.plist; sourceTree = "<group>"; };
		C3A007D02B2CB7D8009AD543 /* AccountChainTests.xctest */ = {isa = PBXFileReference; explicitFileType = wrapper.cfbundle; includeInIndex = 0; path = AccountChainTests.xctest; sourceTree = BUILT_PRODUCTS_DIR; };
		C3A007D42B2CB7D8009AD543 /* AccountChainTests.swift */ = {isa = PBXFileReference; lastKnownFileType = sourcecode.swift; path = AccountChainTests.swift; sourceTree = "<group>"; };
		C3A007DA2B2CB7D8009AD543 /* AccountChainUITests.xctest */ = {isa = PBXFileReference; explicitFileType = wrapper.cfbundle; includeInIndex = 0; path = AccountChainUITests.xctest; sourceTree = BUILT_PRODUCTS_DIR; };
		C3A007DE2B2CB7D8009AD543 /* AccountChainUITests.swift */ = {isa = PBXFileReference; lastKnownFileType = sourcecode.swift; path = AccountChainUITests.swift; sourceTree = "<group>"; };
		C3A007E02B2CB7D8009AD543 /* AccountChainUITestsLaunchTests.swift */ = {isa = PBXFileReference; lastKnownFileType = sourcecode.swift; path = AccountChainUITestsLaunchTests.swift; sourceTree = "<group>"; };
/* End PBXFileReference section */

/* Begin PBXFrameworksBuildPhase section */
		C3A007B72B2CB7D7009AD543 /* Frameworks */ = {
			isa = PBXFrameworksBuildPhase;
			buildActionMask = 2147483647;
			files = (
			);
			runOnlyForDeploymentPostprocessing = 0;
		};
		C3A007CD2B2CB7D8009AD543 /* Frameworks */ = {
			isa = PBXFrameworksBuildPhase;
			buildActionMask = 2147483647;
			files = (
			);
			runOnlyForDeploymentPostprocessing = 0;
		};
		C3A007D72B2CB7D8009AD543 /* Frameworks */ = {
			isa = PBXFrameworksBuildPhase;
			buildActionMask = 2147483647;
			files = (
			);
			runOnlyForDeploymentPostprocessing = 0;
		};
/* End PBXFrameworksBuildPhase section */

/* Begin PBXGroup section */
		C3A007B12B2CB7D7009AD543 = {
			isa = PBXGroup;
			children = (
				C3A007BC2B2CB7D7009AD543 /* AccountChain */,
				C3A007D32B2CB7D8009AD543 /* AccountChainTests */,
				C3A007DD2B2CB7D8009AD543 /* AccountChainUITests */,
				C3A007BB2B2CB7D7009AD543 /* Products */,
			);
			sourceTree = "<group>";
		};
		C3A007BB2B2CB7D7009AD543 /* Products */ = {
			isa = PBXGroup;
			children = (
				C3A007BA2B2CB7D7009AD543 /* AccountChain.app */,
				C3A007D02B2CB7D8009AD543 /* AccountChainTests.xctest */,
				C3A007DA2B2CB7D8009AD543 /* AccountChainUITests.xctest */,
			);
			name = Products;
			sourceTree = "<group>";
		};
		C3A007BC2B2CB7D7009AD543 /* AccountChain */ = {
			isa = PBXGroup;
			children = (
				C3A007BD2B2CB7D7009AD543 /* AppDelegate.swift */,
				C3A007BF2B2CB7D7009AD543 /* SceneDelegate.swift */,
				C3A007C12B2CB7D7009AD543 /* ViewController.swift */,
				C3A007C32B2CB7D7009AD543 /* Main.storyboard */,
				C3A007C62B2CB7D7009AD543 /* Assets.xcassets */,
				C3A007C82B2CB7D7009AD543 /* LaunchScreen.storyboard */,
				C3A007CB2B2CB7D7009AD543 /* Info.plist */,
			);
			path = AccountChain;
			sourceTree = "<group>";
		};
		C3A007D32B2CB7D8009AD543 /* AccountChainTests */ = {
			isa = PBXGroup;
			children = (
				C3A007D42B2CB7D8009AD543 /* AccountChainTests.swift */,
			);
			path = AccountChainTests;
			sourceTree = "<group>";
		};
		C3A007DD2B2CB7D8009AD543 /* AccountChainUITests */ = {
			isa = PBXGroup;
			children = (
				C3A007DE2B2CB7D8009AD543 /* AccountChainUITests.swift */,
				C3A007E02B2CB7D8009AD543 /* AccountChainUITestsLaunchTests.swift */,
			);
			path = AccountChainUITests;
			sourceTree = "<group>";
		};
/* End PBXGroup section */

/* Begin PBXNativeTarget section */
		C3A007B92B2CB7D7009AD543 /* AccountChain */ = {
			isa = PBXNativeTarget;
			buildConfigurationList = C3A007E42B2CB7D8009AD543 /* Build configuration list for PBXNativeTarget "AccountChain" */;
			buildPhases = (
				C3A007B62B2CB7D7009AD543 /* Sources */,
				C3A007B72B2CB7D7009AD543 /* Frameworks */,
				C3A007B82B2CB7D7009AD543 /* Resources */,
			);
			buildRules = (
			);
			dependencies = (
			);
			name = AccountChain;
			productName = AccountChain;
			productReference = C3A007BA2B2CB7D7009AD543 /* AccountChain.app */;
			productType = "com.apple.product-type.application";
		};
		C3A007CF2B2CB7D8009AD543 /* AccountChainTests */ = {
			isa = PBXNativeTarget;
			buildConfigurationList = C3A007E72B2CB7D8009AD543 /* Build configuration list for PBXNativeTarget "AccountChainTests" */;
			buildPhases = (
				C3A007CC2B2CB7D8009AD543 /* Sources */,
				C3A007CD2B2CB7D8009AD543 /* Frameworks */,
				C3A007CE2B2CB7D8009AD543 /* Resources */,
			);
			buildRules = (
			);
			dependencies = (
				C3A007D22B2CB7D8009AD543 /* PBXTargetDependency */,
			);
			name = AccountChainTests;
			productName = AccountChainTests;
			productReference = C3A007D02B2CB7D8009AD543 /* AccountChainTests.xctest */;
			productType = "com.apple.product-type.bundle.unit-test";
		};
		C3A007D92B2CB7D8009AD543 /* AccountChainUITests */ = {
			isa = PBXNativeTarget;
			buildConfigurationList = C3A007EA2B2CB7D8009AD543 /* Build configuration list for PBXNativeTarget "AccountChainUITests" */;
			buildPhases = (
				C3A007D62B2CB7D8009AD543 /* Sources */,
				C3A007D72B2CB7D8009AD543 /* Frameworks */,
				C3A007D82B2CB7D8009AD543 /* Resources */,
			);
			buildRules = (
			);
			dependencies = (
				C3A007DC2B2CB7D8009AD543 /* PBXTargetDependency */,
			);
			name = AccountChainUITests;
			productName = AccountChainUITests;
			productReference = C3A007DA2B2CB7D8009AD543 /* AccountChainUITests.xctest */;
			productType = "com.apple.product-type.bundle.ui-testing";
		};
/* End PBXNativeTarget section */

/* Begin PBXProject section */
		C3A007B22B2CB7D7009AD543 /* Project object */ = {
			isa = PBXProject;
			attributes = {
				BuildIndependentTargetsInParallel = 1;
				LastSwiftUpdateCheck = 1500;
				LastUpgradeCheck = 1500;
				TargetAttributes = {
					C3A007B92B2CB7D7009AD543 = {
						CreatedOnToolsVersion = 15.0.1;
					};
					C3A007CF2B2CB7D8009AD543 = {
						CreatedOnToolsVersion = 15.0.1;
						TestTargetID = C3A007B92B2CB7D7009AD543;
					};
					C3A007D92B2CB7D8009AD543 = {
						CreatedOnToolsVersion = 15.0.1;
						TestTargetID = C3A007B92B2CB7D7009AD543;
					};
				};
			};
			buildConfigurationList = C3A007B52B2CB7D7009AD543 /* Build configuration list for PBXProject "AccountChain" */;
			compatibilityVersion = "Xcode 14.0";
			developmentRegion = en;
			hasScannedForEncodings = 0;
			knownRegions = (
				en,
				Base,
			);
			mainGroup = C3A007B12B2CB7D7009AD543;
			productRefGroup = C3A007BB2B2CB7D7009AD543 /* Products */;
			projectDirPath = "";
			projectRoot = "";
			targets = (
				C3A007B92B2CB7D7009AD543 /* AccountChain */,
				C3A007CF2B2CB7D8009AD543 /* AccountChainTests */,
				C3A007D92B2CB7D8009AD543 /* AccountChainUITests */,
			);
		};
/* End PBXProject section */

/* Begin PBXResourcesBuildPhase section */
		C3A007B82B2CB7D7009AD543 /* Resources */ = {
			isa = PBXResourcesBuildPhase;
			buildActionMask = 2147483647;
			files = (
				C3A007CA2B2CB7D7009AD543 /* LaunchScreen.storyboard in Resources */,
				C3A007C72B2CB7D7009AD543 /* Assets.xcassets in Resources */,
				C3A007C52B2CB7D7009AD543 /* Main.storyboard in Resources */,
			);
			runOnlyForDeploymentPostprocessing = 0;
		};
		C3A007CE2B2CB7D8009AD543 /* Resources */ = {
			isa = PBXResourcesBuildPhase;
			buildActionMask = 2147483647;
			files = (
			);
			runOnlyForDeploymentPostprocessing = 0;
		};
		C3A007D82B2CB7D8009AD543 /* Resources */ = {
			isa = PBXResourcesBuildPhase;
			buildActionMask = 2147483647;
			files = (
			);
			runOnlyForDeploymentPostprocessing = 0;
		};
/* End PBXResourcesBuildPhase section */

/* Begin PBXSourcesBuildPhase section */
		C3A007B62B2CB7D7009AD543 /* Sources */ = {
			isa = PBXSourcesBuildPhase;
			buildActionMask = 2147483647;
			files = (
				C3A007C22B2CB7D7009AD543 /* ViewController.swift in Sources */,
				C3A007BE2B2CB7D7009AD543 /* AppDelegate.swift in Sources */,
				C3A007C02B2CB7D7009AD543 /* SceneDelegate.swift in Sources */,
			);
			runOnlyForDeploymentPostprocessing = 0;
		};
		C3A007CC2B2CB7D8009AD543 /* Sources */ = {
			isa = PBXSourcesBuildPhase;
			buildActionMask = 2147483647;
			files = (
				C3A007D52B2CB7D8009AD543 /* AccountChainTests.swift in Sources */,
			);
			runOnlyForDeploymentPostprocessing = 0;
		};
		C3A007D62B2CB7D8009AD543 /* Sources */ = {
			isa = PBXSourcesBuildPhase;
			buildActionMask = 2147483647;
			files = (
				C3A007E12B2CB7D8009AD543 /* AccountChainUITestsLaunchTests.swift in Sources */,
				C3A007DF2B2CB7D8009AD543 /* AccountChainUITests.swift in Sources */,
			);
			runOnlyForDeploymentPostprocessing = 0;
		};
/* End PBXSourcesBuildPhase section */

/* Begin PBXTargetDependency section */
		C3A007D22B2CB7D8009AD543 /* PBXTargetDependency */ = {
			isa = PBXTargetDependency;
			target = C3A007B92B2CB7D7009AD543 /* AccountChain */;
			targetProxy = C3A007D12B2CB7D8009AD543 /* PBXContainerItemProxy */;
		};
		C3A007DC2B2CB7D8009AD543 /* PBXTargetDependency */ = {
			isa = PBXTargetDependency;
			target = C3A007B92B2CB7D7009AD543 /* AccountChain */;
			targetProxy = C3A007DB2B2CB7D8009AD543 /* PBXContainerItemProxy */;
		};
/* End PBXTargetDependency section */

/* Begin PBXVariantGroup section */
		C3A007C32B2CB7D7009AD543 /* Main.storyboard */ = {
			isa = PBXVariantGroup;
			children = (
				C3A007C42B2CB7D7009AD543 /* Base */,
			);
			name = Main.storyboard;
			sourceTree = "<group>";
		};
		C3A007C82B2CB7D7009AD543 /* LaunchScreen.storyboard */ = {
			isa = PBXVariantGroup;
			children = (
				C3A007C92B2CB7D7009AD543 /* Base */,
			);
			name = LaunchScreen.storyboard;
			sourceTree = "<group>";
		};
/* End PBXVariantGroup section */

/* Begin XCBuildConfiguration section */
		C3A007E22B2CB7D8009AD543 /* Debug */ = {
			isa = XCBuildConfiguration;
			buildSettings = {
				ALWAYS_SEARCH_USER_PATHS = NO;
				ASSETCATALOG_COMPILER_GENERATE_SWIFT_ASSET_SYMBOL_EXTENSIONS = YES;
				CLANG_ANALYZER_NONNULL = YES;
				CLANG_ANALYZER_NUMBER_OBJECT_CONVERSION = YES_AGGRESSIVE;
				CLANG_CXX_LANGUAGE_STANDARD = "gnu++20";
				CLANG_ENABLE_MODULES = YES;
				CLANG_ENABLE_OBJC_ARC = YES;
				CLANG_ENABLE_OBJC_WEAK = YES;
				CLANG_WARN_BLOCK_CAPTURE_AUTORELEASING = YES;
				CLANG_WARN_BOOL_CONVERSION = YES;
				CLANG_WARN_COMMA = YES;
				CLANG_WARN_CONSTANT_CONVERSION = YES;
				CLANG_WARN_DEPRECATED_OBJC_IMPLEMENTATIONS = YES;
				CLANG_WARN_DIRECT_OBJC_ISA_USAGE = YES_ERROR;
				CLANG_WARN_DOCUMENTATION_COMMENTS = YES;
				CLANG_WARN_EMPTY_BODY = YES;
				CLANG_WARN_ENUM_CONVERSION = YES;
				CLANG_WARN_INFINITE_RECURSION = YES;
				CLANG_WARN_INT_CONVERSION = YES;
				CLANG_WARN_NON_LITERAL_NULL_CONVERSION = YES;
				CLANG_WARN_OBJC_IMPLICIT_RETAIN_SELF = YES;
				CLANG_WARN_OBJC_LITERAL_CONVERSION = YES;
				CLANG_WARN_OBJC_ROOT_CLASS = YES_ERROR;
				CLANG_WARN_QUOTED_INCLUDE_IN_FRAMEWORK_HEADER = YES;
				CLANG_WARN_RANGE_LOOP_ANALYSIS = YES;
				CLANG_WARN_STRICT_PROTOTYPES = YES;
				CLANG_WARN_SUSPICIOUS_MOVE = YES;
				CLANG_WARN_UNGUARDED_AVAILABILITY = YES_AGGRESSIVE;
				CLANG_WARN_UNREACHABLE_CODE = YES;
				CLANG_WARN__DUPLICATE_METHOD_MATCH = YES;
				COPY_PHASE_STRIP = NO;
				DEBUG_INFORMATION_FORMAT = dwarf;
				ENABLE_STRICT_OBJC_MSGSEND = YES;
				ENABLE_TESTABILITY = YES;
				ENABLE_USER_SCRIPT_SANDBOXING = YES;
				GCC_C_LANGUAGE_STANDARD = gnu17;
				GCC_DYNAMIC_NO_PIC = NO;
				GCC_NO_COMMON_BLOCKS = YES;
				GCC_OPTIMIZATION_LEVEL = 0;
				GCC_PREPROCESSOR_DEFINITIONS = (
					"DEBUG=1",
					"$(inherited)",
				);
				GCC_WARN_64_TO_32_BIT_CONVERSION = YES;
				GCC_WARN_ABOUT_RETURN_TYPE = YES_ERROR;
				GCC_WARN_UNDECLARED_SELECTOR = YES;
				GCC_WARN_UNINITIALIZED_AUTOS = YES_AGGRESSIVE;
				GCC_WARN_UNUSED_FUNCTION = YES;
				GCC_WARN_UNUSED_VARIABLE = YES;
				IPHONEOS_DEPLOYMENT_TARGET = 17.0;
				LOCALIZATION_PREFERS_STRING_CATALOGS = YES;
				MTL_ENABLE_DEBUG_INFO = INCLUDE_SOURCE;
				MTL_FAST_MATH = YES;
				ONLY_ACTIVE_ARCH = YES;
				SDKROOT = iphoneos;
				SWIFT_ACTIVE_COMPILATION_CONDITIONS = "DEBUG $(inherited)";
				SWIFT_OPTIMIZATION_LEVEL = "-Onone";
			};
			name = Debug;
		};
		C3A007E32B2CB7D8009AD543 /* Release */ = {
			isa = XCBuildConfiguration;
			buildSettings = {
				ALWAYS_SEARCH_USER_PATHS = NO;
				ASSETCATALOG_COMPILER_GENERATE_SWIFT_ASSET_SYMBOL_EXTENSIONS = YES;
				CLANG_ANALYZER_NONNULL = YES;
				CLANG_ANALYZER_NUMBER_OBJECT_CONVERSION = YES_AGGRESSIVE;
				CLANG_CXX_LANGUAGE_STANDARD = "gnu++20";
				CLANG_ENABLE_MODULES = YES;
				CLANG_ENABLE_OBJC_ARC = YES;
				CLANG_ENABLE_OBJC_WEAK = YES;
				CLANG_WARN_BLOCK_CAPTURE_AUTORELEASING = YES;
				CLANG_WARN_BOOL_CONVERSION = YES;
				CLANG_WARN_COMMA = YES;
				CLANG_WARN_CONSTANT_CONVERSION = YES;
				CLANG_WARN_DEPRECATED_OBJC_IMPLEMENTATIONS = YES;
				CLANG_WARN_DIRECT_OBJC_ISA_USAGE = YES_ERROR;
				CLANG_WARN_DOCUMENTATION_COMMENTS = YES;
				CLANG_WARN_EMPTY_BODY = YES;
				CLANG_WARN_ENUM_CONVERSION = YES;
				CLANG_WARN_INFINITE_RECURSION = YES;
				CLANG_WARN_INT_CONVERSION = YES;
				CLANG_WARN_NON_LITERAL_NULL_CONVERSION = YES;
				CLANG_WARN_OBJC_IMPLICIT_RETAIN_SELF = YES;
				CLANG_WARN_OBJC_LITERAL_CONVERSION = YES;
				CLANG_WARN_OBJC_ROOT_CLASS = YES_ERROR;
				CLANG_WARN_QUOTED_INCLUDE_IN_FRAMEWORK_HEADER = YES;
				CLANG_WARN_RANGE_LOOP_ANALYSIS = YES;
				CLANG_WARN_STRICT_PROTOTYPES = YES;
				CLANG_WARN_SUSPICIOUS_MOVE = YES;
				CLANG_WARN_UNGUARDED_AVAILABILITY = YES_AGGRESSIVE;
				CLANG_WARN_UNREACHABLE_CODE = YES;
				CLANG_WARN__DUPLICATE_METHOD_MATCH = YES;
				COPY_PHASE_STRIP = NO;
				DEBUG_INFORMATION_FORMAT = "dwarf-with-dsym";
				ENABLE_NS_ASSERTIONS = NO;
				ENABLE_STRICT_OBJC_MSGSEND = YES;
				ENABLE_USER_SCRIPT_SANDBOXING = YES;
				GCC_C_LANGUAGE_STANDARD = gnu17;
				GCC_NO_COMMON_BLOCKS = YES;
				GCC_WARN_64_TO_32_BIT_CONVERSION = YES;
				GCC_WARN_ABOUT_RETURN_TYPE = YES_ERROR;
				GCC_WARN_UNDECLARED_SELECTOR = YES;
				GCC_WARN_UNINITIALIZED_AUTOS = YES_AGGRESSIVE;
				GCC_WARN_UNUSED_FUNCTION = YES;
				GCC_WARN_UNUSED_VARIABLE = YES;
				IPHONEOS_DEPLOYMENT_TARGET = 17.0;
				LOCALIZATION_PREFERS_STRING_CATALOGS = YES;
				MTL_ENABLE_DEBUG_INFO = NO;
				MTL_FAST_MATH = YES;
				SDKROOT = iphoneos;
				SWIFT_COMPILATION_MODE = wholemodule;
				VALIDATE_PRODUCT = YES;
			};
			name = Release;
		};
		C3A007E52B2CB7D8009AD543 /* Debug */ = {
			isa = XCBuildConfiguration;
			buildSettings = {
				ASSETCATALOG_COMPILER_APPICON_NAME = AppIcon;
				ASSETCATALOG_COMPILER_GLOBAL_ACCENT_COLOR_NAME = AccentColor;
				CODE_SIGN_STYLE = Automatic;
				CURRENT_PROJECT_VERSION = 1;
				GENERATE_INFOPLIST_FILE = YES;
				INFOPLIST_FILE = AccountChain/Info.plist;
				INFOPLIST_KEY_UIApplicationSupportsIndirectInputEvents = YES;
				INFOPLIST_KEY_UILaunchStoryboardName = LaunchScreen;
				INFOPLIST_KEY_UIMainStoryboardFile = Main;
				INFOPLIST_KEY_UISupportedInterfaceOrientations_iPad = "UIInterfaceOrientationPortrait UIInterfaceOrientationPortraitUpsideDown UIInterfaceOrientationLandscapeLeft UIInterfaceOrientationLandscapeRight";
				INFOPLIST_KEY_UISupportedInterfaceOrientations_iPhone = "UIInterfaceOrientationPortrait UIInterfaceOrientationLandscapeLeft UIInterfaceOrientationLandscapeRight";
				LD_RUNPATH_SEARCH_PATHS = (
					"$(inherited)",
					"@executable_path/Frameworks",
				);
				MARKETING_VERSION = 1.0;
				PRODUCT_BUNDLE_IDENTIFIER = EmreOzturk.AccountChain;
				PRODUCT_NAME = "$(TARGET_NAME)";
				SWIFT_EMIT_LOC_STRINGS = YES;
				SWIFT_VERSION = 5.0;
				TARGETED_DEVICE_FAMILY = "1,2";
			};
			name = Debug;
		};
		C3A007E62B2CB7D8009AD543 /* Release */ = {
			isa = XCBuildConfiguration;
			buildSettings = {
				ASSETCATALOG_COMPILER_APPICON_NAME = AppIcon;
				ASSETCATALOG_COMPILER_GLOBAL_ACCENT_COLOR_NAME = AccentColor;
				CODE_SIGN_STYLE = Automatic;
				CURRENT_PROJECT_VERSION = 1;
				GENERATE_INFOPLIST_FILE = YES;
				INFOPLIST_FILE = AccountChain/Info.plist;
				INFOPLIST_KEY_UIApplicationSupportsIndirectInputEvents = YES;
				INFOPLIST_KEY_UILaunchStoryboardName = LaunchScreen;
				INFOPLIST_KEY_UIMainStoryboardFile = Main;
				INFOPLIST_KEY_UISupportedInterfaceOrientations_iPad = "UIInterfaceOrientationPortrait UIInterfaceOrientationPortraitUpsideDown UIInterfaceOrientationLandscapeLeft UIInterfaceOrientationLandscapeRight";
				INFOPLIST_KEY_UISupportedInterfaceOrientations_iPhone = "UIInterfaceOrientationPortrait UIInterfaceOrientationLandscapeLeft UIInterfaceOrientationLandscapeRight";
				LD_RUNPATH_SEARCH_PATHS = (
					"$(inherited)",
					"@executable_path/Frameworks",
				);
				MARKETING_VERSION = 1.0;
				PRODUCT_BUNDLE_IDENTIFIER = EmreOzturk.AccountChain;
				PRODUCT_NAME = "$(TARGET_NAME)";
				SWIFT_EMIT_LOC_STRINGS = YES;
				SWIFT_VERSION = 5.0;
				TARGETED_DEVICE_FAMILY = "1,2";
			};
			name = Release;
		};
		C3A007E82B2CB7D8009AD543 /* Debug */ = {
			isa = XCBuildConfiguration;
			buildSettings = {
				ALWAYS_EMBED_SWIFT_STANDARD_LIBRARIES = YES;
				BUNDLE_LOADER = "$(TEST_HOST)";
				CODE_SIGN_STYLE = Automatic;
				CURRENT_PROJECT_VERSION = 1;
				GENERATE_INFOPLIST_FILE = YES;
				IPHONEOS_DEPLOYMENT_TARGET = 17.0;
				MARKETING_VERSION = 1.0;
				PRODUCT_BUNDLE_IDENTIFIER = EmreOzturk.AccountChainTests;
				PRODUCT_NAME = "$(TARGET_NAME)";
				SWIFT_EMIT_LOC_STRINGS = NO;
				SWIFT_VERSION = 5.0;
				TARGETED_DEVICE_FAMILY = "1,2";
				TEST_HOST = "$(BUILT_PRODUCTS_DIR)/AccountChain.app/$(BUNDLE_EXECUTABLE_FOLDER_PATH)/AccountChain";
			};
			name = Debug;
		};
		C3A007E92B2CB7D8009AD543 /* Release */ = {
			isa = XCBuildConfiguration;
			buildSettings = {
				ALWAYS_EMBED_SWIFT_STANDARD_LIBRARIES = YES;
				BUNDLE_LOADER = "$(TEST_HOST)";
				CODE_SIGN_STYLE = Automatic;
				CURRENT_PROJECT_VERSION = 1;
				GENERATE_INFOPLIST_FILE = YES;
				IPHONEOS_DEPLOYMENT_TARGET = 17.0;
				MARKETING_VERSION = 1.0;
				PRODUCT_BUNDLE_IDENTIFIER = EmreOzturk.AccountChainTests;
				PRODUCT_NAME = "$(TARGET_NAME)";
				SWIFT_EMIT_LOC_STRINGS = NO;
				SWIFT_VERSION = 5.0;
				TARGETED_DEVICE_FAMILY = "1,2";
				TEST_HOST = "$(BUILT_PRODUCTS_DIR)/AccountChain.app/$(BUNDLE_EXECUTABLE_FOLDER_PATH)/AccountChain";
			};
			name = Release;
		};
		C3A007EB2B2CB7D8009AD543 /* Debug */ = {
			isa = XCBuildConfiguration;
			buildSettings = {
				ALWAYS_EMBED_SWIFT_STANDARD_LIBRARIES = YES;
				CODE_SIGN_STYLE = Automatic;
				CURRENT_PROJECT_VERSION = 1;
				GENERATE_INFOPLIST_FILE = YES;
				MARKETING_VERSION = 1.0;
				PRODUCT_BUNDLE_IDENTIFIER = EmreOzturk.AccountChainUITests;
				PRODUCT_NAME = "$(TARGET_NAME)";
				SWIFT_EMIT_LOC_STRINGS = NO;
				SWIFT_VERSION = 5.0;
				TARGETED_DEVICE_FAMILY = "1,2";
				TEST_TARGET_NAME = AccountChain;
			};
			name = Debug;
		};
		C3A007EC2B2CB7D8009AD543 /* Release */ = {
			isa = XCBuildConfiguration;
			buildSettings = {
				ALWAYS_EMBED_SWIFT_STANDARD_LIBRARIES = YES;
				CODE_SIGN_STYLE = Automatic;
				CURRENT_PROJECT_VERSION = 1;
				GENERATE_INFOPLIST_FILE = YES;
				MARKETING_VERSION = 1.0;
				PRODUCT_BUNDLE_IDENTIFIER = EmreOzturk.AccountChainUITests;
				PRODUCT_NAME = "$(TARGET_NAME)";
				SWIFT_EMIT_LOC_STRINGS = NO;
				SWIFT_VERSION = 5.0;
				TARGETED_DEVICE_FAMILY = "1,2";
				TEST_TARGET_NAME = AccountChain;
			};
			name = Release;
		};
/* End XCBuildConfiguration section */

/* Begin XCConfigurationList section */
		C3A007B52B2CB7D7009AD543 /* Build configuration list for PBXProject "AccountChain" */ = {
			isa = XCConfigurationList;
			buildConfigurations = (
				C3A007E22B2CB7D8009AD543 /* Debug */,
				C3A007E32B2CB7D8009AD543 /* Release */,
			);
			defaultConfigurationIsVisible = 0;
			defaultConfigurationName = Release;
		};
		C3A007E42B2CB7D8009AD543 /* Build configuration list for PBXNativeTarget "AccountChain" */ = {
			isa = XCConfigurationList;
			buildConfigurations = (
				C3A007E52B2CB7D8009AD543 /* Debug */,
				C3A007E62B2CB7D8009AD543 /* Release */,
			);
			defaultConfigurationIsVisible = 0;
			defaultConfigurationName = Release;
		};
		C3A007E72B2CB7D8009AD543 /* Build configuration list for PBXNativeTarget "AccountChainTests" */ = {
			isa = XCConfigurationList;
			buildConfigurations = (
				C3A007E82B2CB7D8009AD543 /* Debug */,
				C3A007E92B2CB7D8009AD543 /* Release */,
			);
			defaultConfigurationIsVisible = 0;
			defaultConfigurationName = Release;
		};
		C3A007EA2B2CB7D8009AD543 /* Build configuration list for PBXNativeTarget "AccountChainUITests" */ = {
			isa = XCConfigurationList;
			buildConfigurations = (
				C3A007EB2B2CB7D8009AD543 /* Debug */,
				C3A007EC2B2CB7D8009AD543 /* Release */,
			);
			defaultConfigurationIsVisible = 0;
			defaultConfigurationName = Release;
		};
/* End XCConfigurationList section */
	};
	rootObject = C3A007B22B2CB7D7009AD543 /* Project object */;
}
